// !$*UTF8*$!
{
	archiveVersion = 1;
	classes = {
	};
	objectVersion = 56;
	objects = {

/* Begin PBXBuildFile section */
		278AC5AA2C46414700B2641B /* AppDelegate.swift in Sources */ = {isa = PBXBuildFile; fileRef = 278AC5A92C46414700B2641B /* AppDelegate.swift */; };
		278AC5AC2C46414700B2641B /* SceneDelegate.swift in Sources */ = {isa = PBXBuildFile; fileRef = 278AC5AB2C46414700B2641B /* SceneDelegate.swift */; };
		278AC5B02C46414800B2641B /* Assets.xcassets in Resources */ = {isa = PBXBuildFile; fileRef = 278AC5AF2C46414800B2641B /* Assets.xcassets */; };
		278AC5B32C46414800B2641B /* Base in Resources */ = {isa = PBXBuildFile; fileRef = 278AC5B22C46414800B2641B /* Base */; };
		278AC5BF2C4646EF00B2641B /* UserData.swift in Sources */ = {isa = PBXBuildFile; fileRef = 278AC5BE2C4646EF00B2641B /* UserData.swift */; };
		278AC5C12C46487F00B2641B /* MainVC.swift in Sources */ = {isa = PBXBuildFile; fileRef = 278AC5C02C46487F00B2641B /* MainVC.swift */; };
		278AC5C42C4648A400B2641B /* SnapKit in Frameworks */ = {isa = PBXBuildFile; productRef = 278AC5C32C4648A400B2641B /* SnapKit */; };
		278AC5C82C46491000B2641B /* UserEditVC.swift in Sources */ = {isa = PBXBuildFile; fileRef = 278AC5C72C46491000B2641B /* UserEditVC.swift */; };
		278AC5CA2C46868400B2641B /* MainTableView.swift in Sources */ = {isa = PBXBuildFile; fileRef = 278AC5C92C46868400B2641B /* MainTableView.swift */; };
		278AC5CD2C4686A000B2641B /* TableViewCell.swift in Sources */ = {isa = PBXBuildFile; fileRef = 278AC5CC2C4686A000B2641B /* TableViewCell.swift */; };
		278AC5D02C489CDC00B2641B /* DataManager.swift in Sources */ = {isa = PBXBuildFile; fileRef = 278AC5CF2C489CDC00B2641B /* DataManager.swift */; };
		278AC5D42C48E56500B2641B /* PokemonIMage.swift in Sources */ = {isa = PBXBuildFile; fileRef = 278AC5D32C48E56500B2641B /* PokemonIMage.swift */; };
		278AC5D72C48F81B00B2641B /* UserData.xcdatamodeld in Sources */ = {isa = PBXBuildFile; fileRef = 278AC5D52C48F81B00B2641B /* UserData.xcdatamodeld */; };
		278AC5DA2C48FD3500B2641B /* Contact+CoreDataClass.swift in Sources */ = {isa = PBXBuildFile; fileRef = 278AC5D82C48FD3500B2641B /* Contact+CoreDataClass.swift */; };
		278AC5DB2C48FD3500B2641B /* Contact+CoreDataProperties.swift in Sources */ = {isa = PBXBuildFile; fileRef = 278AC5D92C48FD3500B2641B /* Contact+CoreDataProperties.swift */; };
/* End PBXBuildFile section */

/* Begin PBXFileReference section */
		278AC5A62C46414700B2641B /* NBC_iOS4th_LJH_PhoneAddressBook.app */ = {isa = PBXFileReference; explicitFileType = wrapper.application; includeInIndex = 0; path = NBC_iOS4th_LJH_PhoneAddressBook.app; sourceTree = BUILT_PRODUCTS_DIR; };
		278AC5A92C46414700B2641B /* AppDelegate.swift */ = {isa = PBXFileReference; lastKnownFileType = sourcecode.swift; path = AppDelegate.swift; sourceTree = "<group>"; };
		278AC5AB2C46414700B2641B /* SceneDelegate.swift */ = {isa = PBXFileReference; lastKnownFileType = sourcecode.swift; path = SceneDelegate.swift; sourceTree = "<group>"; };
		278AC5AF2C46414800B2641B /* Assets.xcassets */ = {isa = PBXFileReference; lastKnownFileType = folder.assetcatalog; path = Assets.xcassets; sourceTree = "<group>"; };
		278AC5B22C46414800B2641B /* Base */ = {isa = PBXFileReference; lastKnownFileType = file.storyboard; name = Base; path = Base.lproj/LaunchScreen.storyboard; sourceTree = "<group>"; };
		278AC5B42C46414800B2641B /* Info.plist */ = {isa = PBXFileReference; lastKnownFileType = text.plist.xml; path = Info.plist; sourceTree = "<group>"; };
		278AC5BE2C4646EF00B2641B /* UserData.swift */ = {isa = PBXFileReference; lastKnownFileType = sourcecode.swift; path = UserData.swift; sourceTree = "<group>"; };
		278AC5C02C46487F00B2641B /* MainVC.swift */ = {isa = PBXFileReference; lastKnownFileType = sourcecode.swift; path = MainVC.swift; sourceTree = "<group>"; };
		278AC5C72C46491000B2641B /* UserEditVC.swift */ = {isa = PBXFileReference; lastKnownFileType = sourcecode.swift; path = UserEditVC.swift; sourceTree = "<group>"; };
		278AC5C92C46868400B2641B /* MainTableView.swift */ = {isa = PBXFileReference; lastKnownFileType = sourcecode.swift; path = MainTableView.swift; sourceTree = "<group>"; };
		278AC5CC2C4686A000B2641B /* TableViewCell.swift */ = {isa = PBXFileReference; lastKnownFileType = sourcecode.swift; path = TableViewCell.swift; sourceTree = "<group>"; };
		278AC5CF2C489CDC00B2641B /* DataManager.swift */ = {isa = PBXFileReference; lastKnownFileType = sourcecode.swift; path = DataManager.swift; sourceTree = "<group>"; };
		278AC5D32C48E56500B2641B /* PokemonIMage.swift */ = {isa = PBXFileReference; lastKnownFileType = sourcecode.swift; path = PokemonIMage.swift; sourceTree = "<group>"; };
		278AC5D62C48F81B00B2641B /* data.xcdatamodel */ = {isa = PBXFileReference; lastKnownFileType = wrapper.xcdatamodel; path = data.xcdatamodel; sourceTree = "<group>"; };
		278AC5D82C48FD3500B2641B /* Contact+CoreDataClass.swift */ = {isa = PBXFileReference; lastKnownFileType = sourcecode.swift; path = "Contact+CoreDataClass.swift"; sourceTree = "<group>"; };
		278AC5D92C48FD3500B2641B /* Contact+CoreDataProperties.swift */ = {isa = PBXFileReference; lastKnownFileType = sourcecode.swift; path = "Contact+CoreDataProperties.swift"; sourceTree = "<group>"; };
/* End PBXFileReference section */

/* Begin PBXFrameworksBuildPhase section */
		278AC5A32C46414700B2641B /* Frameworks */ = {
			isa = PBXFrameworksBuildPhase;
			buildActionMask = 2147483647;
			files = (
				278AC5C42C4648A400B2641B /* SnapKit in Frameworks */,
			);
			runOnlyForDeploymentPostprocessing = 0;
		};
/* End PBXFrameworksBuildPhase section */

/* Begin PBXGroup section */
		278AC59D2C46414600B2641B = {
			isa = PBXGroup;
			children = (
				278AC5D82C48FD3500B2641B /* Contact+CoreDataClass.swift */,
				278AC5D92C48FD3500B2641B /* Contact+CoreDataProperties.swift */,
				278AC5A82C46414700B2641B /* NBC_iOS4th_LJH_PhoneAddressBook */,
				278AC5A72C46414700B2641B /* Products */,
			);
			sourceTree = "<group>";
		};
		278AC5A72C46414700B2641B /* Products */ = {
			isa = PBXGroup;
			children = (
				278AC5A62C46414700B2641B /* NBC_iOS4th_LJH_PhoneAddressBook.app */,
			);
			name = Products;
			sourceTree = "<group>";
		};
		278AC5A82C46414700B2641B /* NBC_iOS4th_LJH_PhoneAddressBook */ = {
			isa = PBXGroup;
			children = (
				278AC5BA2C4646A900B2641B /* Model */,
				278AC5BB2C4646B100B2641B /* View */,
				278AC5BC2C4646B700B2641B /* Controller */,
				278AC5A92C46414700B2641B /* AppDelegate.swift */,
				278AC5AB2C46414700B2641B /* SceneDelegate.swift */,
				278AC5AF2C46414800B2641B /* Assets.xcassets */,
				278AC5B12C46414800B2641B /* LaunchScreen.storyboard */,
				278AC5B42C46414800B2641B /* Info.plist */,
			);
			path = NBC_iOS4th_LJH_PhoneAddressBook;
			sourceTree = "<group>";
		};
		278AC5BA2C4646A900B2641B /* Model */ = {
			isa = PBXGroup;
			children = (
				278AC5BE2C4646EF00B2641B /* UserData.swift */,
				278AC5CF2C489CDC00B2641B /* DataManager.swift */,
				278AC5D32C48E56500B2641B /* PokemonIMage.swift */,
				278AC5D52C48F81B00B2641B /* UserData.xcdatamodeld */,
			);
			path = Model;
			sourceTree = "<group>";
		};
		278AC5BB2C4646B100B2641B /* View */ = {
			isa = PBXGroup;
			children = (
				278AC5CB2C46868800B2641B /* Main */,
				278AC5CE2C4686A600B2641B /* UserPage */,
			);
			path = View;
			sourceTree = "<group>";
		};
		278AC5BC2C4646B700B2641B /* Controller */ = {
			isa = PBXGroup;
			children = (
			);
			path = Controller;
			sourceTree = "<group>";
		};
		278AC5CB2C46868800B2641B /* Main */ = {
			isa = PBXGroup;
			children = (
				278AC5C02C46487F00B2641B /* MainVC.swift */,
				278AC5C92C46868400B2641B /* MainTableView.swift */,
				278AC5CC2C4686A000B2641B /* TableViewCell.swift */,
			);
			path = Main;
			sourceTree = "<group>";
		};
		278AC5CE2C4686A600B2641B /* UserPage */ = {
			isa = PBXGroup;
			children = (
				278AC5C72C46491000B2641B /* UserEditVC.swift */,
			);
			path = UserPage;
			sourceTree = "<group>";
		};
/* End PBXGroup section */

/* Begin PBXNativeTarget section */
		278AC5A52C46414700B2641B /* NBC_iOS4th_LJH_PhoneAddressBook */ = {
			isa = PBXNativeTarget;
			buildConfigurationList = 278AC5B72C46414800B2641B /* Build configuration list for PBXNativeTarget "NBC_iOS4th_LJH_PhoneAddressBook" */;
			buildPhases = (
				278AC5A22C46414700B2641B /* Sources */,
				278AC5A32C46414700B2641B /* Frameworks */,
				278AC5A42C46414700B2641B /* Resources */,
			);
			buildRules = (
			);
			dependencies = (
			);
			name = NBC_iOS4th_LJH_PhoneAddressBook;
			packageProductDependencies = (
				278AC5C32C4648A400B2641B /* SnapKit */,
			);
			productName = NBC_iOS4th_LJH_PhoneAddressBook;
			productReference = 278AC5A62C46414700B2641B /* NBC_iOS4th_LJH_PhoneAddressBook.app */;
			productType = "com.apple.product-type.application";
		};
/* End PBXNativeTarget section */

/* Begin PBXProject section */
		278AC59E2C46414600B2641B /* Project object */ = {
			isa = PBXProject;
			attributes = {
				BuildIndependentTargetsInParallel = 1;
				LastSwiftUpdateCheck = 1540;
				LastUpgradeCheck = 1540;
				TargetAttributes = {
					278AC5A52C46414700B2641B = {
						CreatedOnToolsVersion = 15.4;
					};
				};
			};
			buildConfigurationList = 278AC5A12C46414600B2641B /* Build configuration list for PBXProject "NBC_iOS4th_LJH_PhoneAddressBook" */;
			compatibilityVersion = "Xcode 14.0";
			developmentRegion = en;
			hasScannedForEncodings = 0;
			knownRegions = (
				en,
				Base,
			);
			mainGroup = 278AC59D2C46414600B2641B;
			packageReferences = (
				278AC5C22C4648A400B2641B /* XCRemoteSwiftPackageReference "SnapKit" */,
			);
			productRefGroup = 278AC5A72C46414700B2641B /* Products */;
			projectDirPath = "";
			projectRoot = "";
			targets = (
				278AC5A52C46414700B2641B /* NBC_iOS4th_LJH_PhoneAddressBook */,
			);
		};
/* End PBXProject section */

/* Begin PBXResourcesBuildPhase section */
		278AC5A42C46414700B2641B /* Resources */ = {
			isa = PBXResourcesBuildPhase;
			buildActionMask = 2147483647;
			files = (
				278AC5B02C46414800B2641B /* Assets.xcassets in Resources */,
				278AC5B32C46414800B2641B /* Base in Resources */,
			);
			runOnlyForDeploymentPostprocessing = 0;
		};
/* End PBXResourcesBuildPhase section */

/* Begin PBXSourcesBuildPhase section */
		278AC5A22C46414700B2641B /* Sources */ = {
			isa = PBXSourcesBuildPhase;
			buildActionMask = 2147483647;
			files = (
				278AC5CA2C46868400B2641B /* MainTableView.swift in Sources */,
				278AC5DA2C48FD3500B2641B /* Contact+CoreDataClass.swift in Sources */,
				278AC5DB2C48FD3500B2641B /* Contact+CoreDataProperties.swift in Sources */,
				278AC5D02C489CDC00B2641B /* DataManager.swift in Sources */,
				278AC5C12C46487F00B2641B /* MainVC.swift in Sources */,
				278AC5C82C46491000B2641B /* UserEditVC.swift in Sources */,
				278AC5D72C48F81B00B2641B /* UserData.xcdatamodeld in Sources */,
				278AC5D42C48E56500B2641B /* PokemonIMage.swift in Sources */,
				278AC5AA2C46414700B2641B /* AppDelegate.swift in Sources */,
				278AC5BF2C4646EF00B2641B /* UserData.swift in Sources */,
				278AC5CD2C4686A000B2641B /* TableViewCell.swift in Sources */,
				278AC5AC2C46414700B2641B /* SceneDelegate.swift in Sources */,
			);
			runOnlyForDeploymentPostprocessing = 0;
		};
/* End PBXSourcesBuildPhase section */

/* Begin PBXVariantGroup section */
		278AC5B12C46414800B2641B /* LaunchScreen.storyboard */ = {
			isa = PBXVariantGroup;
			children = (
				278AC5B22C46414800B2641B /* Base */,
			);
			name = LaunchScreen.storyboard;
			sourceTree = "<group>";
		};
/* End PBXVariantGroup section */

/* Begin XCBuildConfiguration section */
		278AC5B52C46414800B2641B /* Debug */ = {
			isa = XCBuildConfiguration;
			buildSettings = {
				ALWAYS_SEARCH_USER_PATHS = NO;
				ASSETCATALOG_COMPILER_GENERATE_SWIFT_ASSET_SYMBOL_EXTENSIONS = YES;
				CLANG_ANALYZER_NONNULL = YES;
				CLANG_ANALYZER_NUMBER_OBJECT_CONVERSION = YES_AGGRESSIVE;
				CLANG_CXX_LANGUAGE_STANDARD = "gnu++20";
				CLANG_ENABLE_MODULES = YES;
				CLANG_ENABLE_OBJC_ARC = YES;
				CLANG_ENABLE_OBJC_WEAK = YES;
				CLANG_WARN_BLOCK_CAPTURE_AUTORELEASING = YES;
				CLANG_WARN_BOOL_CONVERSION = YES;
				CLANG_WARN_COMMA = YES;
				CLANG_WARN_CONSTANT_CONVERSION = YES;
				CLANG_WARN_DEPRECATED_OBJC_IMPLEMENTATIONS = YES;
				CLANG_WARN_DIRECT_OBJC_ISA_USAGE = YES_ERROR;
				CLANG_WARN_DOCUMENTATION_COMMENTS = YES;
				CLANG_WARN_EMPTY_BODY = YES;
				CLANG_WARN_ENUM_CONVERSION = YES;
				CLANG_WARN_INFINITE_RECURSION = YES;
				CLANG_WARN_INT_CONVERSION = YES;
				CLANG_WARN_NON_LITERAL_NULL_CONVERSION = YES;
				CLANG_WARN_OBJC_IMPLICIT_RETAIN_SELF = YES;
				CLANG_WARN_OBJC_LITERAL_CONVERSION = YES;
				CLANG_WARN_OBJC_ROOT_CLASS = YES_ERROR;
				CLANG_WARN_QUOTED_INCLUDE_IN_FRAMEWORK_HEADER = YES;
				CLANG_WARN_RANGE_LOOP_ANALYSIS = YES;
				CLANG_WARN_STRICT_PROTOTYPES = YES;
				CLANG_WARN_SUSPICIOUS_MOVE = YES;
				CLANG_WARN_UNGUARDED_AVAILABILITY = YES_AGGRESSIVE;
				CLANG_WARN_UNREACHABLE_CODE = YES;
				CLANG_WARN__DUPLICATE_METHOD_MATCH = YES;
				COPY_PHASE_STRIP = NO;
				DEBUG_INFORMATION_FORMAT = dwarf;
				ENABLE_STRICT_OBJC_MSGSEND = YES;
				ENABLE_TESTABILITY = YES;
				ENABLE_USER_SCRIPT_SANDBOXING = YES;
				GCC_C_LANGUAGE_STANDARD = gnu17;
				GCC_DYNAMIC_NO_PIC = NO;
				GCC_NO_COMMON_BLOCKS = YES;
				GCC_OPTIMIZATION_LEVEL = 0;
				GCC_PREPROCESSOR_DEFINITIONS = (
					"DEBUG=1",
					"$(inherited)",
				);
				GCC_WARN_64_TO_32_BIT_CONVERSION = YES;
				GCC_WARN_ABOUT_RETURN_TYPE = YES_ERROR;
				GCC_WARN_UNDECLARED_SELECTOR = YES;
				GCC_WARN_UNINITIALIZED_AUTOS = YES_AGGRESSIVE;
				GCC_WARN_UNUSED_FUNCTION = YES;
				GCC_WARN_UNUSED_VARIABLE = YES;
				IPHONEOS_DEPLOYMENT_TARGET = 17.5;
				LOCALIZATION_PREFERS_STRING_CATALOGS = YES;
				MTL_ENABLE_DEBUG_INFO = INCLUDE_SOURCE;
				MTL_FAST_MATH = YES;
				ONLY_ACTIVE_ARCH = YES;
				SDKROOT = iphoneos;
				SWIFT_ACTIVE_COMPILATION_CONDITIONS = "DEBUG $(inherited)";
				SWIFT_OPTIMIZATION_LEVEL = "-Onone";
			};
			name = Debug;
		};
		278AC5B62C46414800B2641B /* Release */ = {
			isa = XCBuildConfiguration;
			buildSettings = {
				ALWAYS_SEARCH_USER_PATHS = NO;
				ASSETCATALOG_COMPILER_GENERATE_SWIFT_ASSET_SYMBOL_EXTENSIONS = YES;
				CLANG_ANALYZER_NONNULL = YES;
				CLANG_ANALYZER_NUMBER_OBJECT_CONVERSION = YES_AGGRESSIVE;
				CLANG_CXX_LANGUAGE_STANDARD = "gnu++20";
				CLANG_ENABLE_MODULES = YES;
				CLANG_ENABLE_OBJC_ARC = YES;
				CLANG_ENABLE_OBJC_WEAK = YES;
				CLANG_WARN_BLOCK_CAPTURE_AUTORELEASING = YES;
				CLANG_WARN_BOOL_CONVERSION = YES;
				CLANG_WARN_COMMA = YES;
				CLANG_WARN_CONSTANT_CONVERSION = YES;
				CLANG_WARN_DEPRECATED_OBJC_IMPLEMENTATIONS = YES;
				CLANG_WARN_DIRECT_OBJC_ISA_USAGE = YES_ERROR;
				CLANG_WARN_DOCUMENTATION_COMMENTS = YES;
				CLANG_WARN_EMPTY_BODY = YES;
				CLANG_WARN_ENUM_CONVERSION = YES;
				CLANG_WARN_INFINITE_RECURSION = YES;
				CLANG_WARN_INT_CONVERSION = YES;
				CLANG_WARN_NON_LITERAL_NULL_CONVERSION = YES;
				CLANG_WARN_OBJC_IMPLICIT_RETAIN_SELF = YES;
				CLANG_WARN_OBJC_LITERAL_CONVERSION = YES;
				CLANG_WARN_OBJC_ROOT_CLASS = YES_ERROR;
				CLANG_WARN_QUOTED_INCLUDE_IN_FRAMEWORK_HEADER = YES;
				CLANG_WARN_RANGE_LOOP_ANALYSIS = YES;
				CLANG_WARN_STRICT_PROTOTYPES = YES;
				CLANG_WARN_SUSPICIOUS_MOVE = YES;
				CLANG_WARN_UNGUARDED_AVAILABILITY = YES_AGGRESSIVE;
				CLANG_WARN_UNREACHABLE_CODE = YES;
				CLANG_WARN__DUPLICATE_METHOD_MATCH = YES;
				COPY_PHASE_STRIP = NO;
				DEBUG_INFORMATION_FORMAT = "dwarf-with-dsym";
				ENABLE_NS_ASSERTIONS = NO;
				ENABLE_STRICT_OBJC_MSGSEND = YES;
				ENABLE_USER_SCRIPT_SANDBOXING = YES;
				GCC_C_LANGUAGE_STANDARD = gnu17;
				GCC_NO_COMMON_BLOCKS = YES;
				GCC_WARN_64_TO_32_BIT_CONVERSION = YES;
				GCC_WARN_ABOUT_RETURN_TYPE = YES_ERROR;
				GCC_WARN_UNDECLARED_SELECTOR = YES;
				GCC_WARN_UNINITIALIZED_AUTOS = YES_AGGRESSIVE;
				GCC_WARN_UNUSED_FUNCTION = YES;
				GCC_WARN_UNUSED_VARIABLE = YES;
				IPHONEOS_DEPLOYMENT_TARGET = 17.5;
				LOCALIZATION_PREFERS_STRING_CATALOGS = YES;
				MTL_ENABLE_DEBUG_INFO = NO;
				MTL_FAST_MATH = YES;
				SDKROOT = iphoneos;
				SWIFT_COMPILATION_MODE = wholemodule;
				VALIDATE_PRODUCT = YES;
			};
			name = Release;
		};
		278AC5B82C46414800B2641B /* Debug */ = {
			isa = XCBuildConfiguration;
			buildSettings = {
				ASSETCATALOG_COMPILER_APPICON_NAME = AppIcon;
				ASSETCATALOG_COMPILER_GLOBAL_ACCENT_COLOR_NAME = AccentColor;
				CODE_SIGN_STYLE = Automatic;
				CURRENT_PROJECT_VERSION = 1;
				GENERATE_INFOPLIST_FILE = YES;
				INFOPLIST_FILE = NBC_iOS4th_LJH_PhoneAddressBook/Info.plist;
				INFOPLIST_KEY_UIApplicationSupportsIndirectInputEvents = YES;
				INFOPLIST_KEY_UILaunchStoryboardName = LaunchScreen;
				INFOPLIST_KEY_UISupportedInterfaceOrientations_iPad = "UIInterfaceOrientationPortrait UIInterfaceOrientationPortraitUpsideDown UIInterfaceOrientationLandscapeLeft UIInterfaceOrientationLandscapeRight";
				INFOPLIST_KEY_UISupportedInterfaceOrientations_iPhone = "UIInterfaceOrientationPortrait UIInterfaceOrientationLandscapeLeft UIInterfaceOrientationLandscapeRight";
				LD_RUNPATH_SEARCH_PATHS = (
					"$(inherited)",
					"@executable_path/Frameworks",
				);
				MARKETING_VERSION = 1.0;
				PRODUCT_BUNDLE_IDENTIFIER = "com.jjooe.NBC-iOS4th-LJH-PhoneAddressBook";
				PRODUCT_NAME = "$(TARGET_NAME)";
				SWIFT_EMIT_LOC_STRINGS = YES;
				SWIFT_VERSION = 5.0;
				TARGETED_DEVICE_FAMILY = "1,2";
			};
			name = Debug;
		};
		278AC5B92C46414800B2641B /* Release */ = {
			isa = XCBuildConfiguration;
			buildSettings = {
				ASSETCATALOG_COMPILER_APPICON_NAME = AppIcon;
				ASSETCATALOG_COMPILER_GLOBAL_ACCENT_COLOR_NAME = AccentColor;
				CODE_SIGN_STYLE = Automatic;
				CURRENT_PROJECT_VERSION = 1;
				GENERATE_INFOPLIST_FILE = YES;
				INFOPLIST_FILE = NBC_iOS4th_LJH_PhoneAddressBook/Info.plist;
				INFOPLIST_KEY_UIApplicationSupportsIndirectInputEvents = YES;
				INFOPLIST_KEY_UILaunchStoryboardName = LaunchScreen;
				INFOPLIST_KEY_UISupportedInterfaceOrientations_iPad = "UIInterfaceOrientationPortrait UIInterfaceOrientationPortraitUpsideDown UIInterfaceOrientationLandscapeLeft UIInterfaceOrientationLandscapeRight";
				INFOPLIST_KEY_UISupportedInterfaceOrientations_iPhone = "UIInterfaceOrientationPortrait UIInterfaceOrientationLandscapeLeft UIInterfaceOrientationLandscapeRight";
				LD_RUNPATH_SEARCH_PATHS = (
					"$(inherited)",
					"@executable_path/Frameworks",
				);
				MARKETING_VERSION = 1.0;
				PRODUCT_BUNDLE_IDENTIFIER = "com.jjooe.NBC-iOS4th-LJH-PhoneAddressBook";
				PRODUCT_NAME = "$(TARGET_NAME)";
				SWIFT_EMIT_LOC_STRINGS = YES;
				SWIFT_VERSION = 5.0;
				TARGETED_DEVICE_FAMILY = "1,2";
			};
			name = Release;
		};
/* End XCBuildConfiguration section */

/* Begin XCConfigurationList section */
		278AC5A12C46414600B2641B /* Build configuration list for PBXProject "NBC_iOS4th_LJH_PhoneAddressBook" */ = {
			isa = XCConfigurationList;
			buildConfigurations = (
				278AC5B52C46414800B2641B /* Debug */,
				278AC5B62C46414800B2641B /* Release */,
			);
			defaultConfigurationIsVisible = 0;
			defaultConfigurationName = Release;
		};
		278AC5B72C46414800B2641B /* Build configuration list for PBXNativeTarget "NBC_iOS4th_LJH_PhoneAddressBook" */ = {
			isa = XCConfigurationList;
			buildConfigurations = (
				278AC5B82C46414800B2641B /* Debug */,
				278AC5B92C46414800B2641B /* Release */,
			);
			defaultConfigurationIsVisible = 0;
			defaultConfigurationName = Release;
		};
/* End XCConfigurationList section */

/* Begin XCRemoteSwiftPackageReference section */
		278AC5C22C4648A400B2641B /* XCRemoteSwiftPackageReference "SnapKit" */ = {
			isa = XCRemoteSwiftPackageReference;
			repositoryURL = "https://github.com/SnapKit/SnapKit.git";
			requirement = {
				kind = upToNextMajorVersion;
				minimumVersion = 5.7.1;
			};
		};
/* End XCRemoteSwiftPackageReference section */

/* Begin XCSwiftPackageProductDependency section */
		278AC5C32C4648A400B2641B /* SnapKit */ = {
			isa = XCSwiftPackageProductDependency;
			package = 278AC5C22C4648A400B2641B /* XCRemoteSwiftPackageReference "SnapKit" */;
			productName = SnapKit;
		};
/* End XCSwiftPackageProductDependency section */

/* Begin XCVersionGroup section */
		278AC5D52C48F81B00B2641B /* UserData.xcdatamodeld */ = {
			isa = XCVersionGroup;
			children = (
				278AC5D62C48F81B00B2641B /* data.xcdatamodel */,
			);
			currentVersion = 278AC5D62C48F81B00B2641B /* data.xcdatamodel */;
			path = UserData.xcdatamodeld;
			sourceTree = "<group>";
			versionGroupType = wrapper.xcdatamodel;
		};
/* End XCVersionGroup section */
	};
	rootObject = 278AC59E2C46414600B2641B /* Project object */;
}
